// !$*UTF8*$!
{
	archiveVersion = 1;
	classes = {
	};
	objectVersion = 50;
	objects = {

/* Begin PBXBuildFile section */
		06D6B4B1406262DC61433161 /* Pods_SuugarSample.framework in Frameworks */ = {isa = PBXBuildFile; fileRef = 63048594C66E6A14C944A81F /* Pods_SuugarSample.framework */; };
		76BEC3B822478690007D2711 /* AppDelegate.swift in Sources */ = {isa = PBXBuildFile; fileRef = 76BEC3B722478690007D2711 /* AppDelegate.swift */; };
		76BEC3BA22478690007D2711 /* TodoListViewController.swift in Sources */ = {isa = PBXBuildFile; fileRef = 76BEC3B922478690007D2711 /* TodoListViewController.swift */; };
		76BEC3BF22478691007D2711 /* Assets.xcassets in Resources */ = {isa = PBXBuildFile; fileRef = 76BEC3BE22478691007D2711 /* Assets.xcassets */; };
		76BEC3C222478691007D2711 /* LaunchScreen.storyboard in Resources */ = {isa = PBXBuildFile; fileRef = 76BEC3C022478691007D2711 /* LaunchScreen.storyboard */; };
		76BEC3CC22492706007D2711 /* TodoListViewModel.swift in Sources */ = {isa = PBXBuildFile; fileRef = 76BEC3CB22492706007D2711 /* TodoListViewModel.swift */; };
		76BEC3CE22492986007D2711 /* TodoTableViewCell.swift in Sources */ = {isa = PBXBuildFile; fileRef = 76BEC3CD22492986007D2711 /* TodoTableViewCell.swift */; };
		76BEC3D0224A3BF7007D2711 /* Todo.swift in Sources */ = {isa = PBXBuildFile; fileRef = 76BEC3CF224A3BF7007D2711 /* Todo.swift */; };
		76BEC3D2224A435F007D2711 /* TodoTableSection.swift in Sources */ = {isa = PBXBuildFile; fileRef = 76BEC3D1224A435F007D2711 /* TodoTableSection.swift */; };
		76BEC3D4224A6F3A007D2711 /* TodoFormViewController.swift in Sources */ = {isa = PBXBuildFile; fileRef = 76BEC3D3224A6F3A007D2711 /* TodoFormViewController.swift */; };
/* End PBXBuildFile section */

/* Begin PBXFileReference section */
		4FAAA2367A4D6420F05D29A9 /* Pods-SuugarSample.release.xcconfig */ = {isa = PBXFileReference; includeInIndex = 1; lastKnownFileType = text.xcconfig; name = "Pods-SuugarSample.release.xcconfig"; path = "Target Support Files/Pods-SuugarSample/Pods-SuugarSample.release.xcconfig"; sourceTree = "<group>"; };
		63048594C66E6A14C944A81F /* Pods_SuugarSample.framework */ = {isa = PBXFileReference; explicitFileType = wrapper.framework; includeInIndex = 0; path = Pods_SuugarSample.framework; sourceTree = BUILT_PRODUCTS_DIR; };
		76BEC3B422478690007D2711 /* SuugarSample.app */ = {isa = PBXFileReference; explicitFileType = wrapper.application; includeInIndex = 0; path = SuugarSample.app; sourceTree = BUILT_PRODUCTS_DIR; };
		76BEC3B722478690007D2711 /* AppDelegate.swift */ = {isa = PBXFileReference; lastKnownFileType = sourcecode.swift; path = AppDelegate.swift; sourceTree = "<group>"; };
		76BEC3B922478690007D2711 /* TodoListViewController.swift */ = {isa = PBXFileReference; lastKnownFileType = sourcecode.swift; path = TodoListViewController.swift; sourceTree = "<group>"; };
		76BEC3BE22478691007D2711 /* Assets.xcassets */ = {isa = PBXFileReference; lastKnownFileType = folder.assetcatalog; path = Assets.xcassets; sourceTree = "<group>"; };
		76BEC3C122478691007D2711 /* Base */ = {isa = PBXFileReference; lastKnownFileType = file.storyboard; name = Base; path = Base.lproj/LaunchScreen.storyboard; sourceTree = "<group>"; };
		76BEC3C322478691007D2711 /* Info.plist */ = {isa = PBXFileReference; lastKnownFileType = text.plist.xml; path = Info.plist; sourceTree = "<group>"; };
		76BEC3CB22492706007D2711 /* TodoListViewModel.swift */ = {isa = PBXFileReference; lastKnownFileType = sourcecode.swift; path = TodoListViewModel.swift; sourceTree = "<group>"; };
		76BEC3CD22492986007D2711 /* TodoTableViewCell.swift */ = {isa = PBXFileReference; lastKnownFileType = sourcecode.swift; path = TodoTableViewCell.swift; sourceTree = "<group>"; };
		76BEC3CF224A3BF7007D2711 /* Todo.swift */ = {isa = PBXFileReference; lastKnownFileType = sourcecode.swift; path = Todo.swift; sourceTree = "<group>"; };
		76BEC3D1224A435F007D2711 /* TodoTableSection.swift */ = {isa = PBXFileReference; lastKnownFileType = sourcecode.swift; path = TodoTableSection.swift; sourceTree = "<group>"; };
		76BEC3D3224A6F3A007D2711 /* TodoFormViewController.swift */ = {isa = PBXFileReference; lastKnownFileType = sourcecode.swift; path = TodoFormViewController.swift; sourceTree = "<group>"; };
		9E7021418952A83F716CF2C3 /* Pods-SuugarSample.debug.xcconfig */ = {isa = PBXFileReference; includeInIndex = 1; lastKnownFileType = text.xcconfig; name = "Pods-SuugarSample.debug.xcconfig"; path = "Target Support Files/Pods-SuugarSample/Pods-SuugarSample.debug.xcconfig"; sourceTree = "<group>"; };
/* End PBXFileReference section */

/* Begin PBXFrameworksBuildPhase section */
		76BEC3B122478690007D2711 /* Frameworks */ = {
			isa = PBXFrameworksBuildPhase;
			buildActionMask = 2147483647;
			files = (
				06D6B4B1406262DC61433161 /* Pods_SuugarSample.framework in Frameworks */,
			);
			runOnlyForDeploymentPostprocessing = 0;
		};
/* End PBXFrameworksBuildPhase section */

/* Begin PBXGroup section */
		10973D4432A912B6A96D17A5 /* Frameworks */ = {
			isa = PBXGroup;
			children = (
				63048594C66E6A14C944A81F /* Pods_SuugarSample.framework */,
			);
			name = Frameworks;
			sourceTree = "<group>";
		};
		47C83C1A62F51533E07D2208 /* Pods */ = {
			isa = PBXGroup;
			children = (
				9E7021418952A83F716CF2C3 /* Pods-SuugarSample.debug.xcconfig */,
				4FAAA2367A4D6420F05D29A9 /* Pods-SuugarSample.release.xcconfig */,
			);
			path = Pods;
			sourceTree = "<group>";
		};
		76BEC3AB22478690007D2711 = {
			isa = PBXGroup;
			children = (
				76BEC3B622478690007D2711 /* SuugarSample */,
				76BEC3B522478690007D2711 /* Products */,
				47C83C1A62F51533E07D2208 /* Pods */,
				10973D4432A912B6A96D17A5 /* Frameworks */,
			);
			sourceTree = "<group>";
		};
		76BEC3B522478690007D2711 /* Products */ = {
			isa = PBXGroup;
			children = (
				76BEC3B422478690007D2711 /* SuugarSample.app */,
			);
			name = Products;
			sourceTree = "<group>";
		};
		76BEC3B622478690007D2711 /* SuugarSample */ = {
			isa = PBXGroup;
			children = (
				76BEC3B722478690007D2711 /* AppDelegate.swift */,
				76BEC3D3224A6F3A007D2711 /* TodoFormViewController.swift */,
				76BEC3B922478690007D2711 /* TodoListViewController.swift */,
				76BEC3CB22492706007D2711 /* TodoListViewModel.swift */,
				76BEC3CD22492986007D2711 /* TodoTableViewCell.swift */,
				76BEC3BE22478691007D2711 /* Assets.xcassets */,
				76BEC3C022478691007D2711 /* LaunchScreen.storyboard */,
				76BEC3C322478691007D2711 /* Info.plist */,
				76BEC3CF224A3BF7007D2711 /* Todo.swift */,
				76BEC3D1224A435F007D2711 /* TodoTableSection.swift */,
			);
			path = SuugarSample;
			sourceTree = "<group>";
		};
/* End PBXGroup section */

/* Begin PBXNativeTarget section */
		76BEC3B322478690007D2711 /* SuugarSample */ = {
			isa = PBXNativeTarget;
			buildConfigurationList = 76BEC3C622478691007D2711 /* Build configuration list for PBXNativeTarget "SuugarSample" */;
			buildPhases = (
				1159BE3F05B587927D9D040E /* [CP] Check Pods Manifest.lock */,
				76BEC3B022478690007D2711 /* Sources */,
				76BEC3B122478690007D2711 /* Frameworks */,
				76BEC3B222478690007D2711 /* Resources */,
				B3221C3468FC6D4335E5AD9E /* [CP] Embed Pods Frameworks */,
			);
			buildRules = (
			);
			dependencies = (
			);
			name = SuugarSample;
			productName = SuugarSample;
			productReference = 76BEC3B422478690007D2711 /* SuugarSample.app */;
			productType = "com.apple.product-type.application";
		};
/* End PBXNativeTarget section */

/* Begin PBXProject section */
		76BEC3AC22478690007D2711 /* Project object */ = {
			isa = PBXProject;
			attributes = {
				LastSwiftUpdateCheck = 1010;
				LastUpgradeCheck = 1010;
				TargetAttributes = {
					76BEC3B322478690007D2711 = {
						CreatedOnToolsVersion = 10.1;
					};
				};
			};
			buildConfigurationList = 76BEC3AF22478690007D2711 /* Build configuration list for PBXProject "SuugarSample" */;
			compatibilityVersion = "Xcode 9.3";
			developmentRegion = en;
			hasScannedForEncodings = 0;
			knownRegions = (
				en,
				Base,
			);
			mainGroup = 76BEC3AB22478690007D2711;
			productRefGroup = 76BEC3B522478690007D2711 /* Products */;
			projectDirPath = "";
			projectRoot = "";
			targets = (
				76BEC3B322478690007D2711 /* SuugarSample */,
			);
		};
/* End PBXProject section */

/* Begin PBXResourcesBuildPhase section */
		76BEC3B222478690007D2711 /* Resources */ = {
			isa = PBXResourcesBuildPhase;
			buildActionMask = 2147483647;
			files = (
				76BEC3C222478691007D2711 /* LaunchScreen.storyboard in Resources */,
				76BEC3BF22478691007D2711 /* Assets.xcassets in Resources */,
			);
			runOnlyForDeploymentPostprocessing = 0;
		};
/* End PBXResourcesBuildPhase section */

/* Begin PBXShellScriptBuildPhase section */
		1159BE3F05B587927D9D040E /* [CP] Check Pods Manifest.lock */ = {
			isa = PBXShellScriptBuildPhase;
			buildActionMask = 2147483647;
			files = (
			);
			inputFileListPaths = (
			);
			inputPaths = (
				"${PODS_PODFILE_DIR_PATH}/Podfile.lock",
				"${PODS_ROOT}/Manifest.lock",
			);
			name = "[CP] Check Pods Manifest.lock";
			outputFileListPaths = (
			);
			outputPaths = (
				"$(DERIVED_FILE_DIR)/Pods-SuugarSample-checkManifestLockResult.txt",
			);
			runOnlyForDeploymentPostprocessing = 0;
			shellPath = /bin/sh;
			shellScript = "diff \"${PODS_PODFILE_DIR_PATH}/Podfile.lock\" \"${PODS_ROOT}/Manifest.lock\" > /dev/null\nif [ $? != 0 ] ; then\n    # print error to STDERR\n    echo \"error: The sandbox is not in sync with the Podfile.lock. Run 'pod install' or update your CocoaPods installation.\" >&2\n    exit 1\nfi\n# This output is used by Xcode 'outputs' to avoid re-running this script phase.\necho \"SUCCESS\" > \"${SCRIPT_OUTPUT_FILE_0}\"\n";
			showEnvVarsInLog = 0;
		};
		B3221C3468FC6D4335E5AD9E /* [CP] Embed Pods Frameworks */ = {
			isa = PBXShellScriptBuildPhase;
			buildActionMask = 2147483647;
			files = (
			);
			inputFileListPaths = (
			);
			inputPaths = (
				"${PODS_ROOT}/Target Support Files/Pods-SuugarSample/Pods-SuugarSample-frameworks.sh",
				"${BUILT_PRODUCTS_DIR}/Differentiator/Differentiator.framework",
				"${BUILT_PRODUCTS_DIR}/MDFInternationalization/MDFInternationalization.framework",
				"${BUILT_PRODUCTS_DIR}/MDFTextAccessibility/MDFTextAccessibility.framework",
				"${BUILT_PRODUCTS_DIR}/MaterialComponents/MaterialComponents.framework",
				"${BUILT_PRODUCTS_DIR}/MotionAnimator/MotionAnimator.framework",
				"${BUILT_PRODUCTS_DIR}/MotionInterchange/MotionInterchange.framework",
				"${BUILT_PRODUCTS_DIR}/MotionTransitioning/MotionTransitioning.framework",
				"${BUILT_PRODUCTS_DIR}/RxAtomic/RxAtomic.framework",
				"${BUILT_PRODUCTS_DIR}/RxCocoa/RxCocoa.framework",
				"${BUILT_PRODUCTS_DIR}/RxDataSources/RxDataSources.framework",
				"${BUILT_PRODUCTS_DIR}/RxSwift/RxSwift.framework",
				"${BUILT_PRODUCTS_DIR}/SteviaLayout/Stevia.framework",
				"${BUILT_PRODUCTS_DIR}/Suugar/Suugar.framework",
			);
			name = "[CP] Embed Pods Frameworks";
			outputFileListPaths = (
			);
			outputPaths = (
				"${TARGET_BUILD_DIR}/${FRAMEWORKS_FOLDER_PATH}/Differentiator.framework",
				"${TARGET_BUILD_DIR}/${FRAMEWORKS_FOLDER_PATH}/MDFInternationalization.framework",
				"${TARGET_BUILD_DIR}/${FRAMEWORKS_FOLDER_PATH}/MDFTextAccessibility.framework",
				"${TARGET_BUILD_DIR}/${FRAMEWORKS_FOLDER_PATH}/MaterialComponents.framework",
				"${TARGET_BUILD_DIR}/${FRAMEWORKS_FOLDER_PATH}/MotionAnimator.framework",
				"${TARGET_BUILD_DIR}/${FRAMEWORKS_FOLDER_PATH}/MotionInterchange.framework",
				"${TARGET_BUILD_DIR}/${FRAMEWORKS_FOLDER_PATH}/MotionTransitioning.framework",
				"${TARGET_BUILD_DIR}/${FRAMEWORKS_FOLDER_PATH}/RxAtomic.framework",
				"${TARGET_BUILD_DIR}/${FRAMEWORKS_FOLDER_PATH}/RxCocoa.framework",
				"${TARGET_BUILD_DIR}/${FRAMEWORKS_FOLDER_PATH}/RxDataSources.framework",
				"${TARGET_BUILD_DIR}/${FRAMEWORKS_FOLDER_PATH}/RxSwift.framework",
				"${TARGET_BUILD_DIR}/${FRAMEWORKS_FOLDER_PATH}/Stevia.framework",
				"${TARGET_BUILD_DIR}/${FRAMEWORKS_FOLDER_PATH}/Suugar.framework",
			);
			runOnlyForDeploymentPostprocessing = 0;
			shellPath = /bin/sh;
			shellScript = "\"${PODS_ROOT}/Target Support Files/Pods-SuugarSample/Pods-SuugarSample-frameworks.sh\"\n";
			showEnvVarsInLog = 0;
		};
/* End PBXShellScriptBuildPhase section */

/* Begin PBXSourcesBuildPhase section */
		76BEC3B022478690007D2711 /* Sources */ = {
			isa = PBXSourcesBuildPhase;
			buildActionMask = 2147483647;
			files = (
				76BEC3D2224A435F007D2711 /* TodoTableSection.swift in Sources */,
				76BEC3BA22478690007D2711 /* TodoListViewController.swift in Sources */,
				76BEC3CC22492706007D2711 /* TodoListViewModel.swift in Sources */,
				76BEC3B822478690007D2711 /* AppDelegate.swift in Sources */,
				76BEC3CE22492986007D2711 /* TodoTableViewCell.swift in Sources */,
				76BEC3D4224A6F3A007D2711 /* TodoFormViewController.swift in Sources */,
				76BEC3D0224A3BF7007D2711 /* Todo.swift in Sources */,
			);
			runOnlyForDeploymentPostprocessing = 0;
		};
/* End PBXSourcesBuildPhase section */

/* Begin PBXVariantGroup section */
		76BEC3C022478691007D2711 /* LaunchScreen.storyboard */ = {
			isa = PBXVariantGroup;
			children = (
				76BEC3C122478691007D2711 /* Base */,
			);
			name = LaunchScreen.storyboard;
			sourceTree = "<group>";
		};
/* End PBXVariantGroup section */

/* Begin XCBuildConfiguration section */
		76BEC3C422478691007D2711 /* Debug */ = {
			isa = XCBuildConfiguration;
			buildSettings = {
				ALWAYS_SEARCH_USER_PATHS = NO;
				CLANG_ANALYZER_NONNULL = YES;
				CLANG_ANALYZER_NUMBER_OBJECT_CONVERSION = YES_AGGRESSIVE;
				CLANG_CXX_LANGUAGE_STANDARD = "gnu++14";
				CLANG_CXX_LIBRARY = "libc++";
				CLANG_ENABLE_MODULES = YES;
				CLANG_ENABLE_OBJC_ARC = YES;
				CLANG_ENABLE_OBJC_WEAK = YES;
				CLANG_WARN_BLOCK_CAPTURE_AUTORELEASING = YES;
				CLANG_WARN_BOOL_CONVERSION = YES;
				CLANG_WARN_COMMA = YES;
				CLANG_WARN_CONSTANT_CONVERSION = YES;
				CLANG_WARN_DEPRECATED_OBJC_IMPLEMENTATIONS = YES;
				CLANG_WARN_DIRECT_OBJC_ISA_USAGE = YES_ERROR;
				CLANG_WARN_DOCUMENTATION_COMMENTS = YES;
				CLANG_WARN_EMPTY_BODY = YES;
				CLANG_WARN_ENUM_CONVERSION = YES;
				CLANG_WARN_INFINITE_RECURSION = YES;
				CLANG_WARN_INT_CONVERSION = YES;
				CLANG_WARN_NON_LITERAL_NULL_CONVERSION = YES;
				CLANG_WARN_OBJC_IMPLICIT_RETAIN_SELF = YES;
				CLANG_WARN_OBJC_LITERAL_CONVERSION = YES;
				CLANG_WARN_OBJC_ROOT_CLASS = YES_ERROR;
				CLANG_WARN_RANGE_LOOP_ANALYSIS = YES;
				CLANG_WARN_STRICT_PROTOTYPES = YES;
				CLANG_WARN_SUSPICIOUS_MOVE = YES;
				CLANG_WARN_UNGUARDED_AVAILABILITY = YES_AGGRESSIVE;
				CLANG_WARN_UNREACHABLE_CODE = YES;
				CLANG_WARN__DUPLICATE_METHOD_MATCH = YES;
				CODE_SIGN_IDENTITY = "iPhone Developer";
				COPY_PHASE_STRIP = NO;
				DEBUG_INFORMATION_FORMAT = dwarf;
				ENABLE_STRICT_OBJC_MSGSEND = YES;
				ENABLE_TESTABILITY = YES;
				GCC_C_LANGUAGE_STANDARD = gnu11;
				GCC_DYNAMIC_NO_PIC = NO;
				GCC_NO_COMMON_BLOCKS = YES;
				GCC_OPTIMIZATION_LEVEL = 0;
				GCC_PREPROCESSOR_DEFINITIONS = (
					"DEBUG=1",
					"$(inherited)",
				);
				GCC_WARN_64_TO_32_BIT_CONVERSION = YES;
				GCC_WARN_ABOUT_RETURN_TYPE = YES_ERROR;
				GCC_WARN_UNDECLARED_SELECTOR = YES;
				GCC_WARN_UNINITIALIZED_AUTOS = YES_AGGRESSIVE;
				GCC_WARN_UNUSED_FUNCTION = YES;
				GCC_WARN_UNUSED_VARIABLE = YES;
				IPHONEOS_DEPLOYMENT_TARGET = 12.1;
				MTL_ENABLE_DEBUG_INFO = INCLUDE_SOURCE;
				MTL_FAST_MATH = YES;
				ONLY_ACTIVE_ARCH = YES;
				SDKROOT = iphoneos;
				SWIFT_ACTIVE_COMPILATION_CONDITIONS = DEBUG;
				SWIFT_OPTIMIZATION_LEVEL = "-Onone";
			};
			name = Debug;
		};
		76BEC3C522478691007D2711 /* Release */ = {
			isa = XCBuildConfiguration;
			buildSettings = {
				ALWAYS_SEARCH_USER_PATHS = NO;
				CLANG_ANALYZER_NONNULL = YES;
				CLANG_ANALYZER_NUMBER_OBJECT_CONVERSION = YES_AGGRESSIVE;
				CLANG_CXX_LANGUAGE_STANDARD = "gnu++14";
				CLANG_CXX_LIBRARY = "libc++";
				CLANG_ENABLE_MODULES = YES;
				CLANG_ENABLE_OBJC_ARC = YES;
				CLANG_ENABLE_OBJC_WEAK = YES;
				CLANG_WARN_BLOCK_CAPTURE_AUTORELEASING = YES;
				CLANG_WARN_BOOL_CONVERSION = YES;
				CLANG_WARN_COMMA = YES;
				CLANG_WARN_CONSTANT_CONVERSION = YES;
				CLANG_WARN_DEPRECATED_OBJC_IMPLEMENTATIONS = YES;
				CLANG_WARN_DIRECT_OBJC_ISA_USAGE = YES_ERROR;
				CLANG_WARN_DOCUMENTATION_COMMENTS = YES;
				CLANG_WARN_EMPTY_BODY = YES;
				CLANG_WARN_ENUM_CONVERSION = YES;
				CLANG_WARN_INFINITE_RECURSION = YES;
				CLANG_WARN_INT_CONVERSION = YES;
				CLANG_WARN_NON_LITERAL_NULL_CONVERSION = YES;
				CLANG_WARN_OBJC_IMPLICIT_RETAIN_SELF = YES;
				CLANG_WARN_OBJC_LITERAL_CONVERSION = YES;
				CLANG_WARN_OBJC_ROOT_CLASS = YES_ERROR;
				CLANG_WARN_RANGE_LOOP_ANALYSIS = YES;
				CLANG_WARN_STRICT_PROTOTYPES = YES;
				CLANG_WARN_SUSPICIOUS_MOVE = YES;
				CLANG_WARN_UNGUARDED_AVAILABILITY = YES_AGGRESSIVE;
				CLANG_WARN_UNREACHABLE_CODE = YES;
				CLANG_WARN__DUPLICATE_METHOD_MATCH = YES;
				CODE_SIGN_IDENTITY = "iPhone Developer";
				COPY_PHASE_STRIP = NO;
				DEBUG_INFORMATION_FORMAT = "dwarf-with-dsym";
				ENABLE_NS_ASSERTIONS = NO;
				ENABLE_STRICT_OBJC_MSGSEND = YES;
				GCC_C_LANGUAGE_STANDARD = gnu11;
				GCC_NO_COMMON_BLOCKS = YES;
				GCC_WARN_64_TO_32_BIT_CONVERSION = YES;
				GCC_WARN_ABOUT_RETURN_TYPE = YES_ERROR;
				GCC_WARN_UNDECLARED_SELECTOR = YES;
				GCC_WARN_UNINITIALIZED_AUTOS = YES_AGGRESSIVE;
				GCC_WARN_UNUSED_FUNCTION = YES;
				GCC_WARN_UNUSED_VARIABLE = YES;
				IPHONEOS_DEPLOYMENT_TARGET = 12.1;
				MTL_ENABLE_DEBUG_INFO = NO;
				MTL_FAST_MATH = YES;
				SDKROOT = iphoneos;
				SWIFT_COMPILATION_MODE = wholemodule;
				SWIFT_OPTIMIZATION_LEVEL = "-O";
				VALIDATE_PRODUCT = YES;
			};
			name = Release;
		};
		76BEC3C722478691007D2711 /* Debug */ = {
			isa = XCBuildConfiguration;
			baseConfigurationReference = 9E7021418952A83F716CF2C3 /* Pods-SuugarSample.debug.xcconfig */;
			buildSettings = {
				ASSETCATALOG_COMPILER_APPICON_NAME = AppIcon;
				CODE_SIGN_STYLE = Automatic;
				DEVELOPMENT_TEAM = P5WMZCU6DH;
				INFOPLIST_FILE = SuugarSample/Info.plist;
				LD_RUNPATH_SEARCH_PATHS = (
					"$(inherited)",
					"@executable_path/Frameworks",
				);
				PRODUCT_BUNDLE_IDENTIFIER = com.kakeragames.SuugarSample;
				PRODUCT_NAME = "$(TARGET_NAME)";
				SWIFT_VERSION = 4.2;
				TARGETED_DEVICE_FAMILY = "1,2";
			};
			name = Debug;
		};
		76BEC3C822478691007D2711 /* Release */ = {
			isa = XCBuildConfiguration;
			baseConfigurationReference = 4FAAA2367A4D6420F05D29A9 /* Pods-SuugarSample.release.xcconfig */;
			buildSettings = {
				ASSETCATALOG_COMPILER_APPICON_NAME = AppIcon;
				CODE_SIGN_STYLE = Automatic;
				DEVELOPMENT_TEAM = P5WMZCU6DH;
				INFOPLIST_FILE = SuugarSample/Info.plist;
				LD_RUNPATH_SEARCH_PATHS = (
					"$(inherited)",
					"@executable_path/Frameworks",
				);
				PRODUCT_BUNDLE_IDENTIFIER = com.kakeragames.SuugarSample;
				PRODUCT_NAME = "$(TARGET_NAME)";
				SWIFT_VERSION = 4.2;
				TARGETED_DEVICE_FAMILY = "1,2";
			};
			name = Release;
		};
/* End XCBuildConfiguration section */

/* Begin XCConfigurationList section */
		76BEC3AF22478690007D2711 /* Build configuration list for PBXProject "SuugarSample" */ = {
			isa = XCConfigurationList;
			buildConfigurations = (
				76BEC3C422478691007D2711 /* Debug */,
				76BEC3C522478691007D2711 /* Release */,
			);
			defaultConfigurationIsVisible = 0;
			defaultConfigurationName = Release;
		};
		76BEC3C622478691007D2711 /* Build configuration list for PBXNativeTarget "SuugarSample" */ = {
			isa = XCConfigurationList;
			buildConfigurations = (
				76BEC3C722478691007D2711 /* Debug */,
				76BEC3C822478691007D2711 /* Release */,
			);
			defaultConfigurationIsVisible = 0;
			defaultConfigurationName = Release;
		};
/* End XCConfigurationList section */
	};
	rootObject = 76BEC3AC22478690007D2711 /* Project object */;
}
